
Microsoft Visual Studio Solution File, Format Version 12.00
# Visual Studio Version 16
VisualStudioVersion = 16.0.33927.289
MinimumVisualStudioVersion = 10.0.40219.1
Project("{2150E333-8FDC-42A3-9474-1A3956D46DE8}") = "Task0", "Task0", "{D77A493B-3598-49FB-8736-D38F7A935472}"
EndProject
Project("{FAE04EC0-301F-11D3-BF4B-00C04F79EFBC}") = "Tyuiu.SokolovaAA.Sprint0.Task0.V0", "Tyuiu.SokolovaAA.Sprint0.Task0.V0\Tyuiu.SokolovaAA.Sprint0.Task0.V0.csproj", "{78A58AD0-2367-418C-B02C-F7E4A418C309}"
EndProject
Global
	GlobalSection(SolutionConfigurationPlatforms) = preSolution
		Debug|Any CPU = Debug|Any CPU
		Release|Any CPU = Release|Any CPU
	EndGlobalSection
	GlobalSection(ProjectConfigurationPlatforms) = postSolution
		{78A58AD0-2367-418C-B02C-F7E4A418C309}.Debug|Any CPU.ActiveCfg = Debug|Any CPU
		{78A58AD0-2367-418C-B02C-F7E4A418C309}.Debug|Any CPU.Build.0 = Debug|Any CPU
		{78A58AD0-2367-418C-B02C-F7E4A418C309}.Release|Any CPU.ActiveCfg = Release|Any CPU
		{78A58AD0-2367-418C-B02C-F7E4A418C309}.Release|Any CPU.Build.0 = Release|Any CPU
	EndGlobalSection
	GlobalSection(SolutionProperties) = preSolution
		HideSolutionNode = FALSE
	EndGlobalSection
	GlobalSection(NestedProjects) = preSolution
		{78A58AD0-2367-418C-B02C-F7E4A418C309} = {D77A493B-3598-49FB-8736-D38F7A935472}
	EndGlobalSection
	GlobalSection(ExtensibilityGlobals) = postSolution
		SolutionGuid = {DD1BC514-C3BA-4214-91F6-B27BA062AEE4}
	EndGlobalSection
EndGlobal
