
Microsoft Visual Studio Solution File, Format Version 12.00
# Visual Studio Version 16
VisualStudioVersion = 16.0.33927.289
MinimumVisualStudioVersion = 10.0.40219.1
Project("{2150E333-8FDC-42A3-9474-1A3956D46DE8}") = "Task0", "Task0", "{D77A493B-3598-49FB-8736-D38F7A935472}"
EndProject
Project("{FAE04EC0-301F-11D3-BF4B-00C04F79EFBC}") = "Tyuiu.SokolovaAA.Sprint0.Task0.V0", "Tyuiu.SokolovaAA.Sprint0.Task0.V0\Tyuiu.SokolovaAA.Sprint0.Task0.V0.csproj", "{78A58AD0-2367-418C-B02C-F7E4A418C309}"
EndProject
Project("{2150E333-8FDC-42A3-9474-1A3956D46DE8}") = "Task1", "Task1", "{4E8E7B7D-750F-402F-9FCB-00B0B41ED9D0}"
EndProject
Project("{FAE04EC0-301F-11D3-BF4B-00C04F79EFBC}") = "Tyuiu.SokolovaAA.Sprint0.Task1.V0", "Tyuiu.SokolovaAA.Sprint0.Task1.V0\Tyuiu.SokolovaAA.Sprint0.Task1.V0.csproj", "{65238C8A-50DA-4FC7-9F0A-9E3895C390D6}"
EndProject
Project("{2150E333-8FDC-42A3-9474-1A3956D46DE8}") = "Task2", "Task2", "{B1DAA1D5-B61E-4A72-9303-2CB9B64C734E}"
EndProject
Project("{FAE04EC0-301F-11D3-BF4B-00C04F79EFBC}") = "Tyuiu.SokolovaAA.Sprint0.Task2.V0", "Tyuiu.SokolovaAA.Sprint0.Task2.V0\Tyuiu.SokolovaAA.Sprint0.Task2.V0.csproj", "{7BC1DFED-5DBA-4AEF-8652-DFBD8D301B8E}"
EndProject
Project("{FAE04EC0-301F-11D3-BF4B-00C04F79EFBC}") = "Tyuiu.SokolovaAA.Sprint0.Task2.V0.Lib", "Tyuiu.SokolovaAA.Sprint0.Task2.V0.Lib\Tyuiu.SokolovaAA.Sprint0.Task2.V0.Lib.csproj", "{FF2E3910-AE16-40DD-B2F3-FF1EA12ECB47}"
EndProject
Project("{FAE04EC0-301F-11D3-BF4B-00C04F79EFBC}") = "Tyuiu.SokolovaAA.Sprint0.Task2.V0.Test", "Tyuiu.SokolovaAA.Sprint0.Task2.V0.Test\Tyuiu.SokolovaAA.Sprint0.Task2.V0.Test.csproj", "{E5497211-A55A-476B-BC1D-253EE60FBE3A}"
EndProject
Project("{2150E333-8FDC-42A3-9474-1A3956D46DE8}") = "Task3", "Task3", "{F8873C3C-3F62-4344-99FF-A622EE8054AE}"
EndProject
Project("{FAE04EC0-301F-11D3-BF4B-00C04F79EFBC}") = "Tyuiu.SokolovaAA.Sprint0.Task3.V0", "Tyuiu.SokolovaAA.Sprint0.Task3.V0\Tyuiu.SokolovaAA.Sprint0.Task3.V0.csproj", "{1FD425F8-159C-46FE-99F7-083809E472A9}"
EndProject
Project("{FAE04EC0-301F-11D3-BF4B-00C04F79EFBC}") = "Tyuiu.SokolovaAA.Sprint0.Task3.V0.Lib", "Tyuiu.SokolovaAA.Sprint0.Task3.V0.Lib\Tyuiu.SokolovaAA.Sprint0.Task3.V0.Lib.csproj", "{7BCF8CB0-8FC5-47FC-B1DF-94929DD53C35}"
EndProject
Project("{FAE04EC0-301F-11D3-BF4B-00C04F79EFBC}") = "Tyuiu.SokolovaAA.Sprint0.Task3.V0.Test", "Tyuiu.SokolovaAA.Sprint0.Task3.V0.Test\Tyuiu.SokolovaAA.Sprint0.Task3.V0.Test.csproj", "{0626706F-7439-4797-80EE-471D66E5893D}"
EndProject
Project("{2150E333-8FDC-42A3-9474-1A3956D46DE8}") = "Task4", "Task4", "{F59CC02A-5AB3-4341-8DE9-A4BE8D6C2977}"
EndProject
Project("{FAE04EC0-301F-11D3-BF4B-00C04F79EFBC}") = "Tyuiu.SokolovaAA.Sprint0.Task4.V0", "Tyuiu.SokolovaAA.Sprint0.Task4.V0\Tyuiu.SokolovaAA.Sprint0.Task4.V0.csproj", "{5774AF1E-7713-4993-A8E3-7EE0E5764165}"
EndProject
Project("{FAE04EC0-301F-11D3-BF4B-00C04F79EFBC}") = "Tyuiu.SokolovaAA.Sprint0.Task4.V0.Lib", "Tyuiu.SokolovaAA.Sprint0.Task4.V0.Lib\Tyuiu.SokolovaAA.Sprint0.Task4.V0.Lib.csproj", "{E3233E0B-CD33-4725-B8DC-02C4B0DCBF96}"
EndProject
Project("{FAE04EC0-301F-11D3-BF4B-00C04F79EFBC}") = "Tyuiu.SokolovaAA.Sprint0.Task4.V0.Test", "Tyuiu.SokolovaAA.Sprint0.Task4.V0.Test\Tyuiu.SokolovaAA.Sprint0.Task4.V0.Test.csproj", "{10A6120D-2430-4BFB-917A-14F285F1E412}"
EndProject
Project("{2150E333-8FDC-42A3-9474-1A3956D46DE8}") = "Task5", "Task5", "{F603980A-2623-44F8-AE02-EF1D717BEA18}"
EndProject
Project("{FAE04EC0-301F-11D3-BF4B-00C04F79EFBC}") = "Tyuiu.SokolovaAA.Sprint0.Task5.V0", "Tyuiu.SokolovaAA.Sprint0.Task5.V0\Tyuiu.SokolovaAA.Sprint0.Task5.V0.csproj", "{79D4D4C0-4F9A-4533-A112-3A2BDABF1B3B}"
EndProject
Project("{FAE04EC0-301F-11D3-BF4B-00C04F79EFBC}") = "Tyuiu.SokolovaAA.Sprint0.Task5.V0.Lib", "Tyuiu.SokolovaAA.Sprint0.Task5.V0.Lib\Tyuiu.SokolovaAA.Sprint0.Task5.V0.Lib.csproj", "{D6CAFE19-B5D9-4097-93AD-4D50CFA1439A}"
EndProject
Project("{FAE04EC0-301F-11D3-BF4B-00C04F79EFBC}") = "Tyuiu.SokolovaAA.Sprint0.Task5.V0.Test", "Tyuiu.SokolovaAA.Sprint0.Task5.V0.Test\Tyuiu.SokolovaAA.Sprint0.Task5.V0.Test.csproj", "{4BA4714D-A088-449D-BBB7-3C60ACB8F3F7}"
EndProject
Project("{2150E333-8FDC-42A3-9474-1A3956D46DE8}") = "Task6", "Task6", "{1D187F16-80EA-4079-AA35-980C11B265D6}"
EndProject
Project("{FAE04EC0-301F-11D3-BF4B-00C04F79EFBC}") = "Tyuiu.SokolovaAA.Sprint0.Task6.V0", "Tyuiu.SokolovaAA.Sprint0.Task6.V0\Tyuiu.SokolovaAA.Sprint0.Task6.V0.csproj", "{9CD54700-FCF1-4BDE-A9FD-11B1B04C3ABD}"
EndProject
Project("{FAE04EC0-301F-11D3-BF4B-00C04F79EFBC}") = "Tyuiu.SokolovaAA.Sprint0.Task6.V0.Lib", "Tyuiu.SokolovaAA.Sprint0.Task6.V0.Lib\Tyuiu.SokolovaAA.Sprint0.Task6.V0.Lib.csproj", "{24E9F953-AA6A-4DD1-BD26-90157C64741E}"
EndProject
Project("{FAE04EC0-301F-11D3-BF4B-00C04F79EFBC}") = "Tyuiu.SokolovaAA.Sprint0.Task6.V0.Test", "Tyuiu.SokolovaAA.Sprint0.Task6.V0.Test\Tyuiu.SokolovaAA.Sprint0.Task6.V0.Test.csproj", "{B836EA75-8FEC-419B-AE1A-2AA191BC79E5}"
EndProject
Global
	GlobalSection(SolutionConfigurationPlatforms) = preSolution
		Debug|Any CPU = Debug|Any CPU
		Release|Any CPU = Release|Any CPU
	EndGlobalSection
	GlobalSection(ProjectConfigurationPlatforms) = postSolution
		{78A58AD0-2367-418C-B02C-F7E4A418C309}.Debug|Any CPU.ActiveCfg = Debug|Any CPU
		{78A58AD0-2367-418C-B02C-F7E4A418C309}.Debug|Any CPU.Build.0 = Debug|Any CPU
		{78A58AD0-2367-418C-B02C-F7E4A418C309}.Release|Any CPU.ActiveCfg = Release|Any CPU
		{78A58AD0-2367-418C-B02C-F7E4A418C309}.Release|Any CPU.Build.0 = Release|Any CPU
		{65238C8A-50DA-4FC7-9F0A-9E3895C390D6}.Debug|Any CPU.ActiveCfg = Debug|Any CPU
		{65238C8A-50DA-4FC7-9F0A-9E3895C390D6}.Debug|Any CPU.Build.0 = Debug|Any CPU
		{65238C8A-50DA-4FC7-9F0A-9E3895C390D6}.Release|Any CPU.ActiveCfg = Release|Any CPU
		{65238C8A-50DA-4FC7-9F0A-9E3895C390D6}.Release|Any CPU.Build.0 = Release|Any CPU
		{7BC1DFED-5DBA-4AEF-8652-DFBD8D301B8E}.Debug|Any CPU.ActiveCfg = Debug|Any CPU
		{7BC1DFED-5DBA-4AEF-8652-DFBD8D301B8E}.Debug|Any CPU.Build.0 = Debug|Any CPU
		{7BC1DFED-5DBA-4AEF-8652-DFBD8D301B8E}.Release|Any CPU.ActiveCfg = Release|Any CPU
		{7BC1DFED-5DBA-4AEF-8652-DFBD8D301B8E}.Release|Any CPU.Build.0 = Release|Any CPU
		{FF2E3910-AE16-40DD-B2F3-FF1EA12ECB47}.Debug|Any CPU.ActiveCfg = Debug|Any CPU
		{FF2E3910-AE16-40DD-B2F3-FF1EA12ECB47}.Debug|Any CPU.Build.0 = Debug|Any CPU
		{FF2E3910-AE16-40DD-B2F3-FF1EA12ECB47}.Release|Any CPU.ActiveCfg = Release|Any CPU
		{FF2E3910-AE16-40DD-B2F3-FF1EA12ECB47}.Release|Any CPU.Build.0 = Release|Any CPU
		{E5497211-A55A-476B-BC1D-253EE60FBE3A}.Debug|Any CPU.ActiveCfg = Debug|Any CPU
		{E5497211-A55A-476B-BC1D-253EE60FBE3A}.Debug|Any CPU.Build.0 = Debug|Any CPU
		{E5497211-A55A-476B-BC1D-253EE60FBE3A}.Release|Any CPU.ActiveCfg = Release|Any CPU
		{E5497211-A55A-476B-BC1D-253EE60FBE3A}.Release|Any CPU.Build.0 = Release|Any CPU
		{1FD425F8-159C-46FE-99F7-083809E472A9}.Debug|Any CPU.ActiveCfg = Debug|Any CPU
		{1FD425F8-159C-46FE-99F7-083809E472A9}.Debug|Any CPU.Build.0 = Debug|Any CPU
		{1FD425F8-159C-46FE-99F7-083809E472A9}.Release|Any CPU.ActiveCfg = Release|Any CPU
		{1FD425F8-159C-46FE-99F7-083809E472A9}.Release|Any CPU.Build.0 = Release|Any CPU
		{7BCF8CB0-8FC5-47FC-B1DF-94929DD53C35}.Debug|Any CPU.ActiveCfg = Debug|Any CPU
		{7BCF8CB0-8FC5-47FC-B1DF-94929DD53C35}.Debug|Any CPU.Build.0 = Debug|Any CPU
		{7BCF8CB0-8FC5-47FC-B1DF-94929DD53C35}.Release|Any CPU.ActiveCfg = Release|Any CPU
		{7BCF8CB0-8FC5-47FC-B1DF-94929DD53C35}.Release|Any CPU.Build.0 = Release|Any CPU
		{0626706F-7439-4797-80EE-471D66E5893D}.Debug|Any CPU.ActiveCfg = Debug|Any CPU
		{0626706F-7439-4797-80EE-471D66E5893D}.Debug|Any CPU.Build.0 = Debug|Any CPU
		{0626706F-7439-4797-80EE-471D66E5893D}.Release|Any CPU.ActiveCfg = Release|Any CPU
		{0626706F-7439-4797-80EE-471D66E5893D}.Release|Any CPU.Build.0 = Release|Any CPU
		{5774AF1E-7713-4993-A8E3-7EE0E5764165}.Debug|Any CPU.ActiveCfg = Debug|Any CPU
		{5774AF1E-7713-4993-A8E3-7EE0E5764165}.Debug|Any CPU.Build.0 = Debug|Any CPU
		{5774AF1E-7713-4993-A8E3-7EE0E5764165}.Release|Any CPU.ActiveCfg = Release|Any CPU
		{5774AF1E-7713-4993-A8E3-7EE0E5764165}.Release|Any CPU.Build.0 = Release|Any CPU
		{E3233E0B-CD33-4725-B8DC-02C4B0DCBF96}.Debug|Any CPU.ActiveCfg = Debug|Any CPU
		{E3233E0B-CD33-4725-B8DC-02C4B0DCBF96}.Debug|Any CPU.Build.0 = Debug|Any CPU
		{E3233E0B-CD33-4725-B8DC-02C4B0DCBF96}.Release|Any CPU.ActiveCfg = Release|Any CPU
		{E3233E0B-CD33-4725-B8DC-02C4B0DCBF96}.Release|Any CPU.Build.0 = Release|Any CPU
		{10A6120D-2430-4BFB-917A-14F285F1E412}.Debug|Any CPU.ActiveCfg = Debug|Any CPU
		{10A6120D-2430-4BFB-917A-14F285F1E412}.Debug|Any CPU.Build.0 = Debug|Any CPU
		{10A6120D-2430-4BFB-917A-14F285F1E412}.Release|Any CPU.ActiveCfg = Release|Any CPU
		{10A6120D-2430-4BFB-917A-14F285F1E412}.Release|Any CPU.Build.0 = Release|Any CPU
		{79D4D4C0-4F9A-4533-A112-3A2BDABF1B3B}.Debug|Any CPU.ActiveCfg = Debug|Any CPU
		{79D4D4C0-4F9A-4533-A112-3A2BDABF1B3B}.Debug|Any CPU.Build.0 = Debug|Any CPU
		{79D4D4C0-4F9A-4533-A112-3A2BDABF1B3B}.Release|Any CPU.ActiveCfg = Release|Any CPU
		{79D4D4C0-4F9A-4533-A112-3A2BDABF1B3B}.Release|Any CPU.Build.0 = Release|Any CPU
		{D6CAFE19-B5D9-4097-93AD-4D50CFA1439A}.Debug|Any CPU.ActiveCfg = Debug|Any CPU
		{D6CAFE19-B5D9-4097-93AD-4D50CFA1439A}.Debug|Any CPU.Build.0 = Debug|Any CPU
		{D6CAFE19-B5D9-4097-93AD-4D50CFA1439A}.Release|Any CPU.ActiveCfg = Release|Any CPU
		{D6CAFE19-B5D9-4097-93AD-4D50CFA1439A}.Release|Any CPU.Build.0 = Release|Any CPU
		{4BA4714D-A088-449D-BBB7-3C60ACB8F3F7}.Debug|Any CPU.ActiveCfg = Debug|Any CPU
		{4BA4714D-A088-449D-BBB7-3C60ACB8F3F7}.Debug|Any CPU.Build.0 = Debug|Any CPU
		{4BA4714D-A088-449D-BBB7-3C60ACB8F3F7}.Release|Any CPU.ActiveCfg = Release|Any CPU
		{4BA4714D-A088-449D-BBB7-3C60ACB8F3F7}.Release|Any CPU.Build.0 = Release|Any CPU
		{9CD54700-FCF1-4BDE-A9FD-11B1B04C3ABD}.Debug|Any CPU.ActiveCfg = Debug|Any CPU
		{9CD54700-FCF1-4BDE-A9FD-11B1B04C3ABD}.Debug|Any CPU.Build.0 = Debug|Any CPU
		{9CD54700-FCF1-4BDE-A9FD-11B1B04C3ABD}.Release|Any CPU.ActiveCfg = Release|Any CPU
		{9CD54700-FCF1-4BDE-A9FD-11B1B04C3ABD}.Release|Any CPU.Build.0 = Release|Any CPU
		{24E9F953-AA6A-4DD1-BD26-90157C64741E}.Debug|Any CPU.ActiveCfg = Debug|Any CPU
		{24E9F953-AA6A-4DD1-BD26-90157C64741E}.Debug|Any CPU.Build.0 = Debug|Any CPU
		{24E9F953-AA6A-4DD1-BD26-90157C64741E}.Release|Any CPU.ActiveCfg = Release|Any CPU
		{24E9F953-AA6A-4DD1-BD26-90157C64741E}.Release|Any CPU.Build.0 = Release|Any CPU
		{B836EA75-8FEC-419B-AE1A-2AA191BC79E5}.Debug|Any CPU.ActiveCfg = Debug|Any CPU
		{B836EA75-8FEC-419B-AE1A-2AA191BC79E5}.Debug|Any CPU.Build.0 = Debug|Any CPU
		{B836EA75-8FEC-419B-AE1A-2AA191BC79E5}.Release|Any CPU.ActiveCfg = Release|Any CPU
		{B836EA75-8FEC-419B-AE1A-2AA191BC79E5}.Release|Any CPU.Build.0 = Release|Any CPU
	EndGlobalSection
	GlobalSection(SolutionProperties) = preSolution
		HideSolutionNode = FALSE
	EndGlobalSection
	GlobalSection(NestedProjects) = preSolution
		{78A58AD0-2367-418C-B02C-F7E4A418C309} = {D77A493B-3598-49FB-8736-D38F7A935472}
		{65238C8A-50DA-4FC7-9F0A-9E3895C390D6} = {4E8E7B7D-750F-402F-9FCB-00B0B41ED9D0}
		{7BC1DFED-5DBA-4AEF-8652-DFBD8D301B8E} = {B1DAA1D5-B61E-4A72-9303-2CB9B64C734E}
		{FF2E3910-AE16-40DD-B2F3-FF1EA12ECB47} = {B1DAA1D5-B61E-4A72-9303-2CB9B64C734E}
		{E5497211-A55A-476B-BC1D-253EE60FBE3A} = {B1DAA1D5-B61E-4A72-9303-2CB9B64C734E}
		{1FD425F8-159C-46FE-99F7-083809E472A9} = {F8873C3C-3F62-4344-99FF-A622EE8054AE}
		{7BCF8CB0-8FC5-47FC-B1DF-94929DD53C35} = {F8873C3C-3F62-4344-99FF-A622EE8054AE}
		{0626706F-7439-4797-80EE-471D66E5893D} = {F8873C3C-3F62-4344-99FF-A622EE8054AE}
		{5774AF1E-7713-4993-A8E3-7EE0E5764165} = {F59CC02A-5AB3-4341-8DE9-A4BE8D6C2977}
		{E3233E0B-CD33-4725-B8DC-02C4B0DCBF96} = {F59CC02A-5AB3-4341-8DE9-A4BE8D6C2977}
		{10A6120D-2430-4BFB-917A-14F285F1E412} = {F59CC02A-5AB3-4341-8DE9-A4BE8D6C2977}
		{79D4D4C0-4F9A-4533-A112-3A2BDABF1B3B} = {F603980A-2623-44F8-AE02-EF1D717BEA18}
		{D6CAFE19-B5D9-4097-93AD-4D50CFA1439A} = {F603980A-2623-44F8-AE02-EF1D717BEA18}
		{4BA4714D-A088-449D-BBB7-3C60ACB8F3F7} = {F603980A-2623-44F8-AE02-EF1D717BEA18}
		{9CD54700-FCF1-4BDE-A9FD-11B1B04C3ABD} = {1D187F16-80EA-4079-AA35-980C11B265D6}
		{24E9F953-AA6A-4DD1-BD26-90157C64741E} = {1D187F16-80EA-4079-AA35-980C11B265D6}
		{B836EA75-8FEC-419B-AE1A-2AA191BC79E5} = {1D187F16-80EA-4079-AA35-980C11B265D6}
	EndGlobalSection
	GlobalSection(ExtensibilityGlobals) = postSolution
		SolutionGuid = {DD1BC514-C3BA-4214-91F6-B27BA062AEE4}
	EndGlobalSection
EndGlobal
